
Microsoft Visual Studio Solution File, Format Version 11.00
# Visual Studio 2010
Project("{FAE04EC0-301F-11D3-BF4B-00C04F79EFBC}") = "WindowsFormsApplication1", "WindowsFormsApplication1\WindowsFormsApplication1.csproj", "{C1D5751E-035E-40AC-8E27-01E32D1E0092}"
EndProject
Project("{2150E333-8FDC-42A3-9474-1A3956D46DE8}") = "Solution Items", "Solution Items", "{FEC0E2C4-0736-4645-8C6A-5C9EA4ADB6FC}"
	ProjectSection(SolutionItems) = preProject
		README.md = README.md
	EndProjectSection
EndProject
Global
	GlobalSection(SolutionConfigurationPlatforms) = preSolution
		Debug|x86 = Debug|x86
		Release|x86 = Release|x86
	EndGlobalSection
	GlobalSection(ProjectConfigurationPlatforms) = postSolution
		{C1D5751E-035E-40AC-8E27-01E32D1E0092}.Debug|x86.ActiveCfg = Debug|x86
		{C1D5751E-035E-40AC-8E27-01E32D1E0092}.Debug|x86.Build.0 = Debug|x86
		{C1D5751E-035E-40AC-8E27-01E32D1E0092}.Release|x86.ActiveCfg = Release|x86
		{C1D5751E-035E-40AC-8E27-01E32D1E0092}.Release|x86.Build.0 = Release|x86
	EndGlobalSection
	GlobalSection(SolutionProperties) = preSolution
		HideSolutionNode = FALSE
	EndGlobalSection
EndGlobal
